
Microsoft Visual Studio Solution File, Format Version 12.00
# Visual Studio Version 17
VisualStudioVersion = 17.8.34330.188
MinimumVisualStudioVersion = 10.0.40219.1
Project("{8BC9CEB8-8B4A-11D0-8D11-00A0C91BC942}") = "Lab7", "Lab7.vcxproj", "{93B0175B-6636-45F2-BE43-B97F72BDA779}"
EndProject
Global
	GlobalSection(SolutionConfigurationPlatforms) = preSolution
		Debug|x64 = Debug|x64
		Debug|x86 = Debug|x86
		Release|x64 = Release|x64
		Release|x86 = Release|x86
	EndGlobalSection
	GlobalSection(ProjectConfigurationPlatforms) = postSolution
		{93B0175B-6636-45F2-BE43-B97F72BDA779}.Debug|x64.ActiveCfg = Debug|x64
		{93B0175B-6636-45F2-BE43-B97F72BDA779}.Debug|x64.Build.0 = Debug|x64
		{93B0175B-6636-45F2-BE43-B97F72BDA779}.Debug|x86.ActiveCfg = Debug|Win32
		{93B0175B-6636-45F2-BE43-B97F72BDA779}.Debug|x86.Build.0 = Debug|Win32
		{93B0175B-6636-45F2-BE43-B97F72BDA779}.Release|x64.ActiveCfg = Release|x64
		{93B0175B-6636-45F2-BE43-B97F72BDA779}.Release|x64.Build.0 = Release|x64
		{93B0175B-6636-45F2-BE43-B97F72BDA779}.Release|x86.ActiveCfg = Release|Win32
		{93B0175B-6636-45F2-BE43-B97F72BDA779}.Release|x86.Build.0 = Release|Win32
	EndGlobalSection
	GlobalSection(SolutionProperties) = preSolution
		HideSolutionNode = FALSE
	EndGlobalSection
	GlobalSection(ExtensibilityGlobals) = postSolution
		SolutionGuid = {25A79BC4-5C14-400D-A621-AE19387CA751}
	EndGlobalSection
EndGlobal
